# This file is autogenerated, do not edit; changes may be undone by the next 'dep ensure'.


[[projects]]
  digest = "1:ffe9824d294da03b391f44e1ae8281281b4afc1bdaa9588c9097785e3af10cec"
  name = "github.com/davecgh/go-spew"
  packages = ["spew"]
  pruneopts = "UT"
  revision = "8991bc29aa16c548c550c7ff78260e27b9ab7c73"
  version = "v1.1.1"

[[projects]]
  digest = "1:0028cb19b2e4c3112225cd871870f2d9cf49b9b4276531f03438a88e94be86fe"
  name = "github.com/pmezard/go-difflib"
  packages = ["difflib"]
  pruneopts = "UT"
  revision = "792786c7400a136282c1664665ae0a8db921c6c2"
  version = "v1.0.0"

[[projects]]
  digest = "1:18752d0b95816a1b777505a97f71c7467a8445b8ffb55631a7bf779f6ba4fa83"
  name = "github.com/stretchr/testify"
  packages = ["assert"]
  pruneopts = "UT"
  revision = "f35b8ab0b5a2cef36673838d662e249dd9c94686"
  version = "v1.2.2"

[[projects]]
  branch = "master"
  digest = "1:46ab9545327a8580c4195e29cdf9a6a2f1782e8f9b78b8989642b6d27bc1bdec"
  name = "golang.org/x/tools"
  packages = [
    "go/analysis",
    "go/analysis/analysistest",
    "go/analysis/internal/analysisflags",
    "go/analysis/internal/checker",
    "go/analysis/internal/facts",
    "go/analysis/internal/unitchecker",
    "go/analysis/passes/ctrlflow",
    "go/analysis/passes/inspect",
    "go/analysis/singlechecker",
    "go/ast/astutil",
    "go/ast/inspector",
    "go/cfg",
    "go/gcexportdata",
    "go/internal/cgo",
    "go/internal/gcimporter",
    "go/packages",
    "go/types/objectpath",
    "go/types/typeutil",
    "internal/fastwalk",
    "internal/gopathwalk",
    "internal/semver",
  ]
  pruneopts = "UT"
  revision = "6d71ab8aade08605ffc36622332264e2f6991952"

[solve-meta]
  analyzer-name = "dep"
  analyzer-version = 1
  input-imports = [
    "github.com/stretchr/testify/assert",
    "golang.org/x/tools/go/analysis",
    "golang.org/x/tools/go/analysis/analysistest",
    "golang.org/x/tools/go/analysis/passes/ctrlflow",
    "golang.org/x/tools/go/analysis/passes/inspect",
    "golang.org/x/tools/go/analysis/singlechecker",
    "golang.org/x/tools/go/ast/inspector",
    "golang.org/x/tools/go/cfg",
  ]
  solver-name = "gps-cdcl"
  solver-version = 1
